<?xml version="1.0" encoding="utf-8"?>
<Project ToolsVersion="4.0" xmlns="http://schemas.microsoft.com/developer/msbuild/2003">
  <ItemGroup>
    <Filter Include="리소스 파일">
      <UniqueIdentifier>{67DA6AB6-F800-4c08-8B7A-83BB121AAD01}</UniqueIdentifier>
      <Extensions>rc;ico;cur;bmp;dlg;rc2;rct;bin;rgs;gif;jpg;jpeg;jpe;resx;tiff;tif;png;wav;mfcribbon-ms</Extensions>
    </Filter>
    <Filter Include="src">
      <UniqueIdentifier>{ade34075-ae15-4323-8258-a747bb464dcd}</UniqueIdentifier>
    </Filter>
    <Filter Include="src\core">
      <UniqueIdentifier>{51bc1833-1254-4f0d-bc64-f429e6223b6b}</UniqueIdentifier>
    </Filter>
    <Filter Include="src\render">
      <UniqueIdentifier>{5a9115a6-2dc8-40c6-9000-361949b525d3}</UniqueIdentifier>
    </Filter>
    <Filter Include="src\shaders">
      <UniqueIdentifier>{9095b806-6b48-4a3f-a97e-8a866e7cac4c}</UniqueIdentifier>
    </Filter>
    <Filter Include="src\third_party">
      <UniqueIdentifier>{944ff7b3-560c-4993-b11e-ce51186fa0fd}</UniqueIdentifier>
    </Filter>
  </ItemGroup>
  <ItemGroup>
    <ClCompile Include="src\core\Window.cpp">
      <Filter>src\core</Filter>
    </ClCompile>
    <ClCompile Include="src\render\GraphicsDevice.cpp">
      <Filter>src\render</Filter>
    </ClCompile>
    <ClCompile Include="src\main.cpp">
      <Filter>src</Filter>
    </ClCompile>
    <ClCompile Include="src\render\Shader.cpp">
      <Filter>src\render</Filter>
    </ClCompile>
    <ClCompile Include="src\core\App.cpp">
      <Filter>src\core</Filter>
    </ClCompile>
    <ClCompile Include="src\render\Texture.cpp">
      <Filter>src\render</Filter>
    </ClCompile>
    <ClCompile Include="src\render\Camera2D.cpp">
      <Filter>src\render</Filter>
    </ClCompile>
    <ClCompile Include="src\render\SpriteBatch.cpp">
      <Filter>src\render</Filter>
    </ClCompile>
    <ClCompile Include="src\core\Timer.cpp">
      <Filter>src\core</Filter>
    </ClCompile>
    <ClCompile Include="src\render\AnimatedSprite.cpp">
      <Filter>src\render</Filter>
    </ClCompile>
  </ItemGroup>
  <ItemGroup>
    <ClInclude Include="src\core\Window.h">
      <Filter>src\core</Filter>
    </ClInclude>
    <ClInclude Include="src\render\GraphicsDevice.h">
      <Filter>src\render</Filter>
    </ClInclude>
    <ClInclude Include="src\render\Shader.h">
      <Filter>src\render</Filter>
    </ClInclude>
    <ClInclude Include="src\render\Vertex.h">
      <Filter>src\render</Filter>
    </ClInclude>
    <ClInclude Include="src\core\App.h">
      <Filter>src\core</Filter>
    </ClInclude>
    <ClInclude Include="src\render\Texture.h">
      <Filter>src\render</Filter>
    </ClInclude>
    <ClInclude Include="src\third_party\stb_image.h">
      <Filter>src\third_party</Filter>
    </ClInclude>
    <ClInclude Include="src\render\Camera2D.h">
      <Filter>src\render</Filter>
    </ClInclude>
    <ClInclude Include="src\render\SpriteBatch.h">
      <Filter>src\render</Filter>
    </ClInclude>
    <ClInclude Include="src\core\Timer.h">
      <Filter>src\core</Filter>
    </ClInclude>
    <ClInclude Include="src\render\AnimationClip.h">
      <Filter>src\render</Filter>
    </ClInclude>
    <ClInclude Include="src\render\AnimatedSprite.h">
      <Filter>src\render</Filter>
    </ClInclude>
  </ItemGroup>
  <ItemGroup>
    <FxCompile Include="src\shaders\Sprite.vs.hlsl">
      <Filter>src\shaders</Filter>
    </FxCompile>
    <FxCompile Include="src\shaders\Sprite.ps.hlsl">
      <Filter>src\shaders</Filter>
    </FxCompile>
  </ItemGroup>
</Project>